
Microsoft Visual Studio Solution File, Format Version 12.00
# Visual Studio Version 17
VisualStudioVersion = 17.4.33213.308
MinimumVisualStudioVersion = 10.0.40219.1
Project("{FAE04EC0-301F-11D3-BF4B-00C04F79EFBC}") = "Lab_6v2", "Lab_6v2\Lab_6v2.csproj", "{7605F6B6-0655-4C98-B7D1-FCFDE2561D8E}"
EndProject
Global
	GlobalSection(SolutionConfigurationPlatforms) = preSolution
		Debug|Any CPU = Debug|Any CPU
		Release|Any CPU = Release|Any CPU
	EndGlobalSection
	GlobalSection(ProjectConfigurationPlatforms) = postSolution
		{7605F6B6-0655-4C98-B7D1-FCFDE2561D8E}.Debug|Any CPU.ActiveCfg = Debug|Any CPU
		{7605F6B6-0655-4C98-B7D1-FCFDE2561D8E}.Debug|Any CPU.Build.0 = Debug|Any CPU
		{7605F6B6-0655-4C98-B7D1-FCFDE2561D8E}.Release|Any CPU.ActiveCfg = Release|Any CPU
		{7605F6B6-0655-4C98-B7D1-FCFDE2561D8E}.Release|Any CPU.Build.0 = Release|Any CPU
	EndGlobalSection
	GlobalSection(SolutionProperties) = preSolution
		HideSolutionNode = FALSE
	EndGlobalSection
	GlobalSection(ExtensibilityGlobals) = postSolution
		SolutionGuid = {5E34C545-0159-4E90-AEDB-52ADAB62BBED}
	EndGlobalSection
EndGlobal
