
Microsoft Visual Studio Solution File, Format Version 12.00
# Visual Studio Version 17
VisualStudioVersion = 17.4.33213.308
MinimumVisualStudioVersion = 10.0.40219.1
Project("{FAE04EC0-301F-11D3-BF4B-00C04F79EFBC}") = "Lab5_Test", "Lab5_Test\Lab5_Test.csproj", "{6C5FD3AF-1E21-4028-82E7-AAA7DDD45E41}"
EndProject
Global
	GlobalSection(SolutionConfigurationPlatforms) = preSolution
		Debug|Any CPU = Debug|Any CPU
		Release|Any CPU = Release|Any CPU
	EndGlobalSection
	GlobalSection(ProjectConfigurationPlatforms) = postSolution
		{6C5FD3AF-1E21-4028-82E7-AAA7DDD45E41}.Debug|Any CPU.ActiveCfg = Debug|Any CPU
		{6C5FD3AF-1E21-4028-82E7-AAA7DDD45E41}.Debug|Any CPU.Build.0 = Debug|Any CPU
		{6C5FD3AF-1E21-4028-82E7-AAA7DDD45E41}.Release|Any CPU.ActiveCfg = Release|Any CPU
		{6C5FD3AF-1E21-4028-82E7-AAA7DDD45E41}.Release|Any CPU.Build.0 = Release|Any CPU
	EndGlobalSection
	GlobalSection(SolutionProperties) = preSolution
		HideSolutionNode = FALSE
	EndGlobalSection
	GlobalSection(ExtensibilityGlobals) = postSolution
		SolutionGuid = {FAEA8E31-2B09-4449-97F0-CA0E8CDDE66C}
	EndGlobalSection
EndGlobal
