
Microsoft Visual Studio Solution File, Format Version 12.00
# Visual Studio Version 17
VisualStudioVersion = 17.4.33213.308
MinimumVisualStudioVersion = 10.0.40219.1
Project("{FAE04EC0-301F-11D3-BF4B-00C04F79EFBC}") = "Lab7", "Lab7\Lab7.csproj", "{0C212396-B408-427C-B884-DBE3A805A051}"
EndProject
Global
	GlobalSection(SolutionConfigurationPlatforms) = preSolution
		Debug|Any CPU = Debug|Any CPU
		Release|Any CPU = Release|Any CPU
	EndGlobalSection
	GlobalSection(ProjectConfigurationPlatforms) = postSolution
		{0C212396-B408-427C-B884-DBE3A805A051}.Debug|Any CPU.ActiveCfg = Debug|Any CPU
		{0C212396-B408-427C-B884-DBE3A805A051}.Debug|Any CPU.Build.0 = Debug|Any CPU
		{0C212396-B408-427C-B884-DBE3A805A051}.Release|Any CPU.ActiveCfg = Release|Any CPU
		{0C212396-B408-427C-B884-DBE3A805A051}.Release|Any CPU.Build.0 = Release|Any CPU
	EndGlobalSection
	GlobalSection(SolutionProperties) = preSolution
		HideSolutionNode = FALSE
	EndGlobalSection
	GlobalSection(ExtensibilityGlobals) = postSolution
		SolutionGuid = {EADC96E7-3786-40F2-97CA-9100CB64664B}
	EndGlobalSection
EndGlobal
